
Microsoft Visual Studio Solution File, Format Version 12.00
# Visual Studio Version 16
VisualStudioVersion = 16.0.32228.343
MinimumVisualStudioVersion = 10.0.40219.1
Project("{FAE04EC0-301F-11D3-BF4B-00C04F79EFBC}") = "RabbitProducer", "RabbitProducer.csproj", "{D164B3C5-0151-4EF2-BDB3-50B5B6F0A1BB}"
EndProject
Global
	GlobalSection(SolutionConfigurationPlatforms) = preSolution
		Debug|Any CPU = Debug|Any CPU
		Release|Any CPU = Release|Any CPU
	EndGlobalSection
	GlobalSection(ProjectConfigurationPlatforms) = postSolution
		{D164B3C5-0151-4EF2-BDB3-50B5B6F0A1BB}.Debug|Any CPU.ActiveCfg = Debug|Any CPU
		{D164B3C5-0151-4EF2-BDB3-50B5B6F0A1BB}.Debug|Any CPU.Build.0 = Debug|Any CPU
		{D164B3C5-0151-4EF2-BDB3-50B5B6F0A1BB}.Release|Any CPU.ActiveCfg = Release|Any CPU
		{D164B3C5-0151-4EF2-BDB3-50B5B6F0A1BB}.Release|Any CPU.Build.0 = Release|Any CPU
	EndGlobalSection
	GlobalSection(SolutionProperties) = preSolution
		HideSolutionNode = FALSE
	EndGlobalSection
	GlobalSection(ExtensibilityGlobals) = postSolution
		SolutionGuid = {FB5D3FB3-3376-4D08-A30D-42531D112ED9}
	EndGlobalSection
EndGlobal
